{
  "name": "ai-agent",
  "lockfileVersion": 3,
  "requires": true,
  "packages": {
    "": {
      "dependencies": {
        "undici": "^8.8.0"
      }
    },
    "node_modules/undici": {
      "version": "8.8.0",
      "resolved": "https://registry.npmjs.org/undici/-/undici-8.8.0.tgz",
      "integrity": "sha512-ubshXMXwF3MQIMF1y/WxZdNBnjEKeSg2wF5mcGUtU55YTw34tnVVpKRlLf7ruDXZ5344KokPVX4RBx1wJm64Bw==",
      "license": "MIT",
      "engines": {
        "node": ">=22.19.0"
      }
    }
  }
}
